
Microsoft Visual Studio Solution File, Format Version 11.00
# Visual Studio 2010
Project("{FAE04EC0-301F-11D3-BF4B-00C04F79EFBC}") = "Playground", "Playground\Playground.csproj", "{1D036CB3-8384-47E0-91B1-7820C8DEA30C}"
EndProject
Project("{FAE04EC0-301F-11D3-BF4B-00C04F79EFBC}") = "Playground.DataAccess", "Playground.DataAccess\Playground.DataAccess.csproj", "{C07EA095-A532-4B3B-B7AA-38C2AE0CFB9E}"
EndProject
Project("{FAE04EC0-301F-11D3-BF4B-00C04F79EFBC}") = "Playground.Domain", "Playground.Domain\Playground.Domain.csproj", "{98FB9AB9-ED03-4F8D-850B-BF51BC528897}"
EndProject
Project("{FAE04EC0-301F-11D3-BF4B-00C04F79EFBC}") = "Playground.Services", "Playground.Services\Playground.Services.csproj", "{2C02198F-C314-48D1-ACB1-D4914EF77759}"
EndProject
Project("{FAE04EC0-301F-11D3-BF4B-00C04F79EFBC}") = "Playground.Services.Library", "Playground.Services.Library\Playground.Services.Library.csproj", "{862D0E1E-52F9-43AD-91FF-01266335D3AE}"
EndProject
Project("{FAE04EC0-301F-11D3-BF4B-00C04F79EFBC}") = "Playground.Tests", "Playground.Tests\Playground.Tests.csproj", "{7C4ED24B-015F-4F0F-A668-48293A9831CB}"
EndProject
Project("{FAE04EC0-301F-11D3-BF4B-00C04F79EFBC}") = "Playground.BusinessLogic", "Playground.BusinessLogic\Playground.BusinessLogic.csproj", "{2DEFD5E5-3477-48E2-A1B8-408794FB1908}"
EndProject
Global
	GlobalSection(SolutionConfigurationPlatforms) = preSolution
		Debug|Any CPU = Debug|Any CPU
		Release|Any CPU = Release|Any CPU
	EndGlobalSection
	GlobalSection(ProjectConfigurationPlatforms) = postSolution
		{1D036CB3-8384-47E0-91B1-7820C8DEA30C}.Debug|Any CPU.ActiveCfg = Debug|Any CPU
		{1D036CB3-8384-47E0-91B1-7820C8DEA30C}.Debug|Any CPU.Build.0 = Debug|Any CPU
		{1D036CB3-8384-47E0-91B1-7820C8DEA30C}.Release|Any CPU.ActiveCfg = Release|Any CPU
		{1D036CB3-8384-47E0-91B1-7820C8DEA30C}.Release|Any CPU.Build.0 = Release|Any CPU
		{C07EA095-A532-4B3B-B7AA-38C2AE0CFB9E}.Debug|Any CPU.ActiveCfg = Debug|Any CPU
		{C07EA095-A532-4B3B-B7AA-38C2AE0CFB9E}.Debug|Any CPU.Build.0 = Debug|Any CPU
		{C07EA095-A532-4B3B-B7AA-38C2AE0CFB9E}.Release|Any CPU.ActiveCfg = Release|Any CPU
		{C07EA095-A532-4B3B-B7AA-38C2AE0CFB9E}.Release|Any CPU.Build.0 = Release|Any CPU
		{98FB9AB9-ED03-4F8D-850B-BF51BC528897}.Debug|Any CPU.ActiveCfg = Debug|Any CPU
		{98FB9AB9-ED03-4F8D-850B-BF51BC528897}.Debug|Any CPU.Build.0 = Debug|Any CPU
		{98FB9AB9-ED03-4F8D-850B-BF51BC528897}.Release|Any CPU.ActiveCfg = Release|Any CPU
		{98FB9AB9-ED03-4F8D-850B-BF51BC528897}.Release|Any CPU.Build.0 = Release|Any CPU
		{2C02198F-C314-48D1-ACB1-D4914EF77759}.Debug|Any CPU.ActiveCfg = Debug|Any CPU
		{2C02198F-C314-48D1-ACB1-D4914EF77759}.Debug|Any CPU.Build.0 = Debug|Any CPU
		{2C02198F-C314-48D1-ACB1-D4914EF77759}.Release|Any CPU.ActiveCfg = Release|Any CPU
		{2C02198F-C314-48D1-ACB1-D4914EF77759}.Release|Any CPU.Build.0 = Release|Any CPU
		{862D0E1E-52F9-43AD-91FF-01266335D3AE}.Debug|Any CPU.ActiveCfg = Debug|Any CPU
		{862D0E1E-52F9-43AD-91FF-01266335D3AE}.Debug|Any CPU.Build.0 = Debug|Any CPU
		{862D0E1E-52F9-43AD-91FF-01266335D3AE}.Release|Any CPU.ActiveCfg = Release|Any CPU
		{862D0E1E-52F9-43AD-91FF-01266335D3AE}.Release|Any CPU.Build.0 = Release|Any CPU
		{7C4ED24B-015F-4F0F-A668-48293A9831CB}.Debug|Any CPU.ActiveCfg = Debug|Any CPU
		{7C4ED24B-015F-4F0F-A668-48293A9831CB}.Debug|Any CPU.Build.0 = Debug|Any CPU
		{7C4ED24B-015F-4F0F-A668-48293A9831CB}.Release|Any CPU.ActiveCfg = Release|Any CPU
		{7C4ED24B-015F-4F0F-A668-48293A9831CB}.Release|Any CPU.Build.0 = Release|Any CPU
		{2DEFD5E5-3477-48E2-A1B8-408794FB1908}.Debug|Any CPU.ActiveCfg = Debug|Any CPU
		{2DEFD5E5-3477-48E2-A1B8-408794FB1908}.Debug|Any CPU.Build.0 = Debug|Any CPU
		{2DEFD5E5-3477-48E2-A1B8-408794FB1908}.Release|Any CPU.ActiveCfg = Release|Any CPU
		{2DEFD5E5-3477-48E2-A1B8-408794FB1908}.Release|Any CPU.Build.0 = Release|Any CPU
	EndGlobalSection
	GlobalSection(SolutionProperties) = preSolution
		HideSolutionNode = FALSE
	EndGlobalSection
EndGlobal
